
Microsoft Visual Studio Solution File, Format Version 12.00
# Visual Studio Version 17
VisualStudioVersion = 17.1.32210.238
MinimumVisualStudioVersion = 10.0.40219.1
Project("{9A19103F-16F7-4668-BE54-9A1E7A4F7556}") = "TestAPI", "TestAPI\TestAPI.csproj", "{782AB632-E3EC-4CD7-9EEC-8F9D2A9573BC}"
	ProjectSection(ProjectDependencies) = postProject
		{45E89EAA-D4D8-4167-81DA-BD40E3601685} = {45E89EAA-D4D8-4167-81DA-BD40E3601685}
	EndProjectSection
EndProject
Project("{9A19103F-16F7-4668-BE54-9A1E7A4F7556}") = "TestAPI.Data", "TestAPI.Data\TestAPI.Data.csproj", "{45E89EAA-D4D8-4167-81DA-BD40E3601685}"
EndProject
Global
	GlobalSection(SolutionConfigurationPlatforms) = preSolution
		Debug|Any CPU = Debug|Any CPU
		Release|Any CPU = Release|Any CPU
	EndGlobalSection
	GlobalSection(ProjectConfigurationPlatforms) = postSolution
		{782AB632-E3EC-4CD7-9EEC-8F9D2A9573BC}.Debug|Any CPU.ActiveCfg = Debug|Any CPU
		{782AB632-E3EC-4CD7-9EEC-8F9D2A9573BC}.Debug|Any CPU.Build.0 = Debug|Any CPU
		{782AB632-E3EC-4CD7-9EEC-8F9D2A9573BC}.Release|Any CPU.ActiveCfg = Release|Any CPU
		{782AB632-E3EC-4CD7-9EEC-8F9D2A9573BC}.Release|Any CPU.Build.0 = Release|Any CPU
		{45E89EAA-D4D8-4167-81DA-BD40E3601685}.Debug|Any CPU.ActiveCfg = Debug|Any CPU
		{45E89EAA-D4D8-4167-81DA-BD40E3601685}.Debug|Any CPU.Build.0 = Debug|Any CPU
		{45E89EAA-D4D8-4167-81DA-BD40E3601685}.Release|Any CPU.ActiveCfg = Release|Any CPU
		{45E89EAA-D4D8-4167-81DA-BD40E3601685}.Release|Any CPU.Build.0 = Release|Any CPU
	EndGlobalSection
	GlobalSection(SolutionProperties) = preSolution
		HideSolutionNode = FALSE
	EndGlobalSection
	GlobalSection(ExtensibilityGlobals) = postSolution
		SolutionGuid = {1174BF4A-4089-48BF-9AB8-E6A79A70CCCE}
	EndGlobalSection
EndGlobal
